// !$*UTF8*$!
{
	archiveVersion = 1;
	classes = {
	};
	objectVersion = 55;
	objects = {

/* Begin PBXBuildFile section */
		F88F9931289D4830007272F9 /* CountriesApp.swift in Sources */ = {isa = PBXBuildFile; fileRef = F88F9930289D4830007272F9 /* CountriesApp.swift */; };
		F88F9933289D4830007272F9 /* ContentView.swift in Sources */ = {isa = PBXBuildFile; fileRef = F88F9932289D4830007272F9 /* ContentView.swift */; };
		F88F9935289D4833007272F9 /* Assets.xcassets in Resources */ = {isa = PBXBuildFile; fileRef = F88F9934289D4833007272F9 /* Assets.xcassets */; };
		F88F9938289D4833007272F9 /* Preview Assets.xcassets in Resources */ = {isa = PBXBuildFile; fileRef = F88F9937289D4833007272F9 /* Preview Assets.xcassets */; };
		F88F9943289D4954007272F9 /* Constants.swift in Sources */ = {isa = PBXBuildFile; fileRef = F88F9942289D4954007272F9 /* Constants.swift */; };
		F88F9945289D4C87007272F9 /* CountryModel.swift in Sources */ = {isa = PBXBuildFile; fileRef = F88F9944289D4C87007272F9 /* CountryModel.swift */; };
		F88F9947289D4CB1007272F9 /* CountryDao.swift in Sources */ = {isa = PBXBuildFile; fileRef = F88F9946289D4CB1007272F9 /* CountryDao.swift */; };
		F88F994A289D4F58007272F9 /* CountryDetailDao.swift in Sources */ = {isa = PBXBuildFile; fileRef = F88F9949289D4F58007272F9 /* CountryDetailDao.swift */; };
		F88F994C289D50F8007272F9 /* CountryDetailModel.swift in Sources */ = {isa = PBXBuildFile; fileRef = F88F994B289D50F8007272F9 /* CountryDetailModel.swift */; };
		F88F994E289D51D8007272F9 /* NetworkService.swift in Sources */ = {isa = PBXBuildFile; fileRef = F88F994D289D51D8007272F9 /* NetworkService.swift */; };
		F88F9951289D5290007272F9 /* Alamofire in Frameworks */ = {isa = PBXBuildFile; productRef = F88F9950289D5290007272F9 /* Alamofire */; };
		F88F9954289D581A007272F9 /* MainRepository.swift in Sources */ = {isa = PBXBuildFile; fileRef = F88F9953289D5819007272F9 /* MainRepository.swift */; };
		F88F9956289D6202007272F9 /* HomeView.swift in Sources */ = {isa = PBXBuildFile; fileRef = F88F9955289D6202007272F9 /* HomeView.swift */; };
		F88F9958289D6258007272F9 /* HomeCountryCell.swift in Sources */ = {isa = PBXBuildFile; fileRef = F88F9957289D6258007272F9 /* HomeCountryCell.swift */; };
/* End PBXBuildFile section */

/* Begin PBXFileReference section */
		F88F992D289D4830007272F9 /* CountriesApp.app */ = {isa = PBXFileReference; explicitFileType = wrapper.application; includeInIndex = 0; path = CountriesApp.app; sourceTree = BUILT_PRODUCTS_DIR; };
		F88F9930289D4830007272F9 /* CountriesApp.swift */ = {isa = PBXFileReference; lastKnownFileType = sourcecode.swift; path = CountriesApp.swift; sourceTree = "<group>"; };
		F88F9932289D4830007272F9 /* ContentView.swift */ = {isa = PBXFileReference; lastKnownFileType = sourcecode.swift; path = ContentView.swift; sourceTree = "<group>"; };
		F88F9934289D4833007272F9 /* Assets.xcassets */ = {isa = PBXFileReference; lastKnownFileType = folder.assetcatalog; path = Assets.xcassets; sourceTree = "<group>"; };
		F88F9937289D4833007272F9 /* Preview Assets.xcassets */ = {isa = PBXFileReference; lastKnownFileType = folder.assetcatalog; path = "Preview Assets.xcassets"; sourceTree = "<group>"; };
		F88F9942289D4954007272F9 /* Constants.swift */ = {isa = PBXFileReference; lastKnownFileType = sourcecode.swift; path = Constants.swift; sourceTree = "<group>"; };
		F88F9944289D4C87007272F9 /* CountryModel.swift */ = {isa = PBXFileReference; lastKnownFileType = sourcecode.swift; path = CountryModel.swift; sourceTree = "<group>"; };
		F88F9946289D4CB1007272F9 /* CountryDao.swift */ = {isa = PBXFileReference; lastKnownFileType = sourcecode.swift; path = CountryDao.swift; sourceTree = "<group>"; };
		F88F9949289D4F58007272F9 /* CountryDetailDao.swift */ = {isa = PBXFileReference; lastKnownFileType = sourcecode.swift; path = CountryDetailDao.swift; sourceTree = "<group>"; };
		F88F994B289D50F8007272F9 /* CountryDetailModel.swift */ = {isa = PBXFileReference; lastKnownFileType = sourcecode.swift; path = CountryDetailModel.swift; sourceTree = "<group>"; };
		F88F994D289D51D8007272F9 /* NetworkService.swift */ = {isa = PBXFileReference; lastKnownFileType = sourcecode.swift; path = NetworkService.swift; sourceTree = "<group>"; };
		F88F9953289D5819007272F9 /* MainRepository.swift */ = {isa = PBXFileReference; lastKnownFileType = sourcecode.swift; path = MainRepository.swift; sourceTree = "<group>"; };
		F88F9955289D6202007272F9 /* HomeView.swift */ = {isa = PBXFileReference; lastKnownFileType = sourcecode.swift; path = HomeView.swift; sourceTree = "<group>"; };
		F88F9957289D6258007272F9 /* HomeCountryCell.swift */ = {isa = PBXFileReference; lastKnownFileType = sourcecode.swift; path = HomeCountryCell.swift; sourceTree = "<group>"; };
/* End PBXFileReference section */

/* Begin PBXFrameworksBuildPhase section */
		F88F992A289D4830007272F9 /* Frameworks */ = {
			isa = PBXFrameworksBuildPhase;
			buildActionMask = 2147483647;
			files = (
				F88F9951289D5290007272F9 /* Alamofire in Frameworks */,
			);
			runOnlyForDeploymentPostprocessing = 0;
		};
/* End PBXFrameworksBuildPhase section */

/* Begin PBXGroup section */
		F88F9924289D4830007272F9 = {
			isa = PBXGroup;
			children = (
				F88F992F289D4830007272F9 /* CountriesApp */,
				F88F992E289D4830007272F9 /* Products */,
			);
			sourceTree = "<group>";
		};
		F88F992E289D4830007272F9 /* Products */ = {
			isa = PBXGroup;
			children = (
				F88F992D289D4830007272F9 /* CountriesApp.app */,
			);
			name = Products;
			sourceTree = "<group>";
		};
		F88F992F289D4830007272F9 /* CountriesApp */ = {
			isa = PBXGroup;
			children = (
				F88F9930289D4830007272F9 /* CountriesApp.swift */,
				F88F9952289D52AB007272F9 /* View */,
				F88F9941289D4945007272F9 /* Utilities */,
				F88F9940289D48B9007272F9 /* Network */,
				F88F993F289D48B3007272F9 /* Model */,
				F88F993E289D48AA007272F9 /* Repository */,
				F88F9934289D4833007272F9 /* Assets.xcassets */,
				F88F9936289D4833007272F9 /* Preview Content */,
			);
			path = CountriesApp;
			sourceTree = "<group>";
		};
		F88F9936289D4833007272F9 /* Preview Content */ = {
			isa = PBXGroup;
			children = (
				F88F9937289D4833007272F9 /* Preview Assets.xcassets */,
			);
			path = "Preview Content";
			sourceTree = "<group>";
		};
		F88F993E289D48AA007272F9 /* Repository */ = {
			isa = PBXGroup;
			children = (
				F88F9953289D5819007272F9 /* MainRepository.swift */,
			);
			path = Repository;
			sourceTree = "<group>";
		};
		F88F993F289D48B3007272F9 /* Model */ = {
			isa = PBXGroup;
			children = (
				F88F994B289D50F8007272F9 /* CountryDetailModel.swift */,
				F88F9944289D4C87007272F9 /* CountryModel.swift */,
				F88F9948289D4D78007272F9 /* Dao */,
			);
			path = Model;
			sourceTree = "<group>";
		};
		F88F9940289D48B9007272F9 /* Network */ = {
			isa = PBXGroup;
			children = (
				F88F994D289D51D8007272F9 /* NetworkService.swift */,
			);
			path = Network;
			sourceTree = "<group>";
		};
		F88F9941289D4945007272F9 /* Utilities */ = {
			isa = PBXGroup;
			children = (
				F88F9942289D4954007272F9 /* Constants.swift */,
			);
			path = Utilities;
			sourceTree = "<group>";
		};
		F88F9948289D4D78007272F9 /* Dao */ = {
			isa = PBXGroup;
			children = (
				F88F9946289D4CB1007272F9 /* CountryDao.swift */,
				F88F9949289D4F58007272F9 /* CountryDetailDao.swift */,
			);
			path = Dao;
			sourceTree = "<group>";
		};
		F88F9952289D52AB007272F9 /* View */ = {
			isa = PBXGroup;
			children = (
				F88F9932289D4830007272F9 /* ContentView.swift */,
				F88F9955289D6202007272F9 /* HomeView.swift */,
				F88F9957289D6258007272F9 /* HomeCountryCell.swift */,
			);
			path = View;
			sourceTree = "<group>";
		};
/* End PBXGroup section */

/* Begin PBXNativeTarget section */
		F88F992C289D4830007272F9 /* CountriesApp */ = {
			isa = PBXNativeTarget;
			buildConfigurationList = F88F993B289D4833007272F9 /* Build configuration list for PBXNativeTarget "CountriesApp" */;
			buildPhases = (
				F88F9929289D4830007272F9 /* Sources */,
				F88F992A289D4830007272F9 /* Frameworks */,
				F88F992B289D4830007272F9 /* Resources */,
			);
			buildRules = (
			);
			dependencies = (
			);
			name = CountriesApp;
			packageProductDependencies = (
				F88F9950289D5290007272F9 /* Alamofire */,
			);
			productName = CountriesApp;
			productReference = F88F992D289D4830007272F9 /* CountriesApp.app */;
			productType = "com.apple.product-type.application";
		};
/* End PBXNativeTarget section */

/* Begin PBXProject section */
		F88F9925289D4830007272F9 /* Project object */ = {
			isa = PBXProject;
			attributes = {
				BuildIndependentTargetsInParallel = 1;
				LastSwiftUpdateCheck = 1340;
				LastUpgradeCheck = 1340;
				TargetAttributes = {
					F88F992C289D4830007272F9 = {
						CreatedOnToolsVersion = 13.4.1;
					};
				};
			};
			buildConfigurationList = F88F9928289D4830007272F9 /* Build configuration list for PBXProject "CountriesApp" */;
			compatibilityVersion = "Xcode 13.0";
			developmentRegion = en;
			hasScannedForEncodings = 0;
			knownRegions = (
				en,
				Base,
			);
			mainGroup = F88F9924289D4830007272F9;
			packageReferences = (
				F88F994F289D5290007272F9 /* XCRemoteSwiftPackageReference "Alamofire" */,
			);
			productRefGroup = F88F992E289D4830007272F9 /* Products */;
			projectDirPath = "";
			projectRoot = "";
			targets = (
				F88F992C289D4830007272F9 /* CountriesApp */,
			);
		};
/* End PBXProject section */

/* Begin PBXResourcesBuildPhase section */
		F88F992B289D4830007272F9 /* Resources */ = {
			isa = PBXResourcesBuildPhase;
			buildActionMask = 2147483647;
			files = (
				F88F9938289D4833007272F9 /* Preview Assets.xcassets in Resources */,
				F88F9935289D4833007272F9 /* Assets.xcassets in Resources */,
			);
			runOnlyForDeploymentPostprocessing = 0;
		};
/* End PBXResourcesBuildPhase section */

/* Begin PBXSourcesBuildPhase section */
		F88F9929289D4830007272F9 /* Sources */ = {
			isa = PBXSourcesBuildPhase;
			buildActionMask = 2147483647;
			files = (
				F88F9933289D4830007272F9 /* ContentView.swift in Sources */,
				F88F9931289D4830007272F9 /* CountriesApp.swift in Sources */,
				F88F994E289D51D8007272F9 /* NetworkService.swift in Sources */,
				F88F9956289D6202007272F9 /* HomeView.swift in Sources */,
				F88F994C289D50F8007272F9 /* CountryDetailModel.swift in Sources */,
				F88F9945289D4C87007272F9 /* CountryModel.swift in Sources */,
				F88F9943289D4954007272F9 /* Constants.swift in Sources */,
				F88F9954289D581A007272F9 /* MainRepository.swift in Sources */,
				F88F994A289D4F58007272F9 /* CountryDetailDao.swift in Sources */,
				F88F9958289D6258007272F9 /* HomeCountryCell.swift in Sources */,
				F88F9947289D4CB1007272F9 /* CountryDao.swift in Sources */,
			);
			runOnlyForDeploymentPostprocessing = 0;
		};
/* End PBXSourcesBuildPhase section */

/* Begin XCBuildConfiguration section */
		F88F9939289D4833007272F9 /* Debug */ = {
			isa = XCBuildConfiguration;
			buildSettings = {
				ALWAYS_SEARCH_USER_PATHS = NO;
				CLANG_ANALYZER_NONNULL = YES;
				CLANG_ANALYZER_NUMBER_OBJECT_CONVERSION = YES_AGGRESSIVE;
				CLANG_CXX_LANGUAGE_STANDARD = "gnu++17";
				CLANG_ENABLE_MODULES = YES;
				CLANG_ENABLE_OBJC_ARC = YES;
				CLANG_ENABLE_OBJC_WEAK = YES;
				CLANG_WARN_BLOCK_CAPTURE_AUTORELEASING = YES;
				CLANG_WARN_BOOL_CONVERSION = YES;
				CLANG_WARN_COMMA = YES;
				CLANG_WARN_CONSTANT_CONVERSION = YES;
				CLANG_WARN_DEPRECATED_OBJC_IMPLEMENTATIONS = YES;
				CLANG_WARN_DIRECT_OBJC_ISA_USAGE = YES_ERROR;
				CLANG_WARN_DOCUMENTATION_COMMENTS = YES;
				CLANG_WARN_EMPTY_BODY = YES;
				CLANG_WARN_ENUM_CONVERSION = YES;
				CLANG_WARN_INFINITE_RECURSION = YES;
				CLANG_WARN_INT_CONVERSION = YES;
				CLANG_WARN_NON_LITERAL_NULL_CONVERSION = YES;
				CLANG_WARN_OBJC_IMPLICIT_RETAIN_SELF = YES;
				CLANG_WARN_OBJC_LITERAL_CONVERSION = YES;
				CLANG_WARN_OBJC_ROOT_CLASS = YES_ERROR;
				CLANG_WARN_QUOTED_INCLUDE_IN_FRAMEWORK_HEADER = YES;
				CLANG_WARN_RANGE_LOOP_ANALYSIS = YES;
				CLANG_WARN_STRICT_PROTOTYPES = YES;
				CLANG_WARN_SUSPICIOUS_MOVE = YES;
				CLANG_WARN_UNGUARDED_AVAILABILITY = YES_AGGRESSIVE;
				CLANG_WARN_UNREACHABLE_CODE = YES;
				CLANG_WARN__DUPLICATE_METHOD_MATCH = YES;
				COPY_PHASE_STRIP = NO;
				DEBUG_INFORMATION_FORMAT = dwarf;
				ENABLE_STRICT_OBJC_MSGSEND = YES;
				ENABLE_TESTABILITY = YES;
				GCC_C_LANGUAGE_STANDARD = gnu11;
				GCC_DYNAMIC_NO_PIC = NO;
				GCC_NO_COMMON_BLOCKS = YES;
				GCC_OPTIMIZATION_LEVEL = 0;
				GCC_PREPROCESSOR_DEFINITIONS = (
					"DEBUG=1",
					"$(inherited)",
				);
				GCC_WARN_64_TO_32_BIT_CONVERSION = YES;
				GCC_WARN_ABOUT_RETURN_TYPE = YES_ERROR;
				GCC_WARN_UNDECLARED_SELECTOR = YES;
				GCC_WARN_UNINITIALIZED_AUTOS = YES_AGGRESSIVE;
				GCC_WARN_UNUSED_FUNCTION = YES;
				GCC_WARN_UNUSED_VARIABLE = YES;
				IPHONEOS_DEPLOYMENT_TARGET = 15.5;
				MTL_ENABLE_DEBUG_INFO = INCLUDE_SOURCE;
				MTL_FAST_MATH = YES;
				ONLY_ACTIVE_ARCH = YES;
				SDKROOT = iphoneos;
				SWIFT_ACTIVE_COMPILATION_CONDITIONS = DEBUG;
				SWIFT_OPTIMIZATION_LEVEL = "-Onone";
			};
			name = Debug;
		};
		F88F993A289D4833007272F9 /* Release */ = {
			isa = XCBuildConfiguration;
			buildSettings = {
				ALWAYS_SEARCH_USER_PATHS = NO;
				CLANG_ANALYZER_NONNULL = YES;
				CLANG_ANALYZER_NUMBER_OBJECT_CONVERSION = YES_AGGRESSIVE;
				CLANG_CXX_LANGUAGE_STANDARD = "gnu++17";
				CLANG_ENABLE_MODULES = YES;
				CLANG_ENABLE_OBJC_ARC = YES;
				CLANG_ENABLE_OBJC_WEAK = YES;
				CLANG_WARN_BLOCK_CAPTURE_AUTORELEASING = YES;
				CLANG_WARN_BOOL_CONVERSION = YES;
				CLANG_WARN_COMMA = YES;
				CLANG_WARN_CONSTANT_CONVERSION = YES;
				CLANG_WARN_DEPRECATED_OBJC_IMPLEMENTATIONS = YES;
				CLANG_WARN_DIRECT_OBJC_ISA_USAGE = YES_ERROR;
				CLANG_WARN_DOCUMENTATION_COMMENTS = YES;
				CLANG_WARN_EMPTY_BODY = YES;
				CLANG_WARN_ENUM_CONVERSION = YES;
				CLANG_WARN_INFINITE_RECURSION = YES;
				CLANG_WARN_INT_CONVERSION = YES;
				CLANG_WARN_NON_LITERAL_NULL_CONVERSION = YES;
				CLANG_WARN_OBJC_IMPLICIT_RETAIN_SELF = YES;
				CLANG_WARN_OBJC_LITERAL_CONVERSION = YES;
				CLANG_WARN_OBJC_ROOT_CLASS = YES_ERROR;
				CLANG_WARN_QUOTED_INCLUDE_IN_FRAMEWORK_HEADER = YES;
				CLANG_WARN_RANGE_LOOP_ANALYSIS = YES;
				CLANG_WARN_STRICT_PROTOTYPES = YES;
				CLANG_WARN_SUSPICIOUS_MOVE = YES;
				CLANG_WARN_UNGUARDED_AVAILABILITY = YES_AGGRESSIVE;
				CLANG_WARN_UNREACHABLE_CODE = YES;
				CLANG_WARN__DUPLICATE_METHOD_MATCH = YES;
				COPY_PHASE_STRIP = NO;
				DEBUG_INFORMATION_FORMAT = "dwarf-with-dsym";
				ENABLE_NS_ASSERTIONS = NO;
				ENABLE_STRICT_OBJC_MSGSEND = YES;
				GCC_C_LANGUAGE_STANDARD = gnu11;
				GCC_NO_COMMON_BLOCKS = YES;
				GCC_WARN_64_TO_32_BIT_CONVERSION = YES;
				GCC_WARN_ABOUT_RETURN_TYPE = YES_ERROR;
				GCC_WARN_UNDECLARED_SELECTOR = YES;
				GCC_WARN_UNINITIALIZED_AUTOS = YES_AGGRESSIVE;
				GCC_WARN_UNUSED_FUNCTION = YES;
				GCC_WARN_UNUSED_VARIABLE = YES;
				IPHONEOS_DEPLOYMENT_TARGET = 15.5;
				MTL_ENABLE_DEBUG_INFO = NO;
				MTL_FAST_MATH = YES;
				SDKROOT = iphoneos;
				SWIFT_COMPILATION_MODE = wholemodule;
				SWIFT_OPTIMIZATION_LEVEL = "-O";
				VALIDATE_PRODUCT = YES;
			};
			name = Release;
		};
		F88F993C289D4833007272F9 /* Debug */ = {
			isa = XCBuildConfiguration;
			buildSettings = {
				ASSETCATALOG_COMPILER_APPICON_NAME = AppIcon;
				ASSETCATALOG_COMPILER_GLOBAL_ACCENT_COLOR_NAME = AccentColor;
				CODE_SIGN_STYLE = Automatic;
				CURRENT_PROJECT_VERSION = 1;
				DEVELOPMENT_ASSET_PATHS = "\"CountriesApp/Preview Content\"";
				DEVELOPMENT_TEAM = CUW72829WY;
				ENABLE_PREVIEWS = YES;
				GENERATE_INFOPLIST_FILE = YES;
				INFOPLIST_KEY_UIApplicationSceneManifest_Generation = YES;
				INFOPLIST_KEY_UIApplicationSupportsIndirectInputEvents = YES;
				INFOPLIST_KEY_UILaunchScreen_Generation = YES;
				INFOPLIST_KEY_UISupportedInterfaceOrientations_iPad = "UIInterfaceOrientationPortrait UIInterfaceOrientationPortraitUpsideDown UIInterfaceOrientationLandscapeLeft UIInterfaceOrientationLandscapeRight";
				INFOPLIST_KEY_UISupportedInterfaceOrientations_iPhone = "UIInterfaceOrientationPortrait UIInterfaceOrientationLandscapeLeft UIInterfaceOrientationLandscapeRight";
				LD_RUNPATH_SEARCH_PATHS = (
					"$(inherited)",
					"@executable_path/Frameworks",
				);
				MARKETING_VERSION = 1.0;
				PRODUCT_BUNDLE_IDENTIFIER = com.cemugurlu.CountriesApp;
				PRODUCT_NAME = "$(TARGET_NAME)";
				SWIFT_EMIT_LOC_STRINGS = YES;
				SWIFT_VERSION = 5.0;
				TARGETED_DEVICE_FAMILY = "1,2";
			};
			name = Debug;
		};
		F88F993D289D4833007272F9 /* Release */ = {
			isa = XCBuildConfiguration;
			buildSettings = {
				ASSETCATALOG_COMPILER_APPICON_NAME = AppIcon;
				ASSETCATALOG_COMPILER_GLOBAL_ACCENT_COLOR_NAME = AccentColor;
				CODE_SIGN_STYLE = Automatic;
				CURRENT_PROJECT_VERSION = 1;
				DEVELOPMENT_ASSET_PATHS = "\"CountriesApp/Preview Content\"";
				DEVELOPMENT_TEAM = CUW72829WY;
				ENABLE_PREVIEWS = YES;
				GENERATE_INFOPLIST_FILE = YES;
				INFOPLIST_KEY_UIApplicationSceneManifest_Generation = YES;
				INFOPLIST_KEY_UIApplicationSupportsIndirectInputEvents = YES;
				INFOPLIST_KEY_UILaunchScreen_Generation = YES;
				INFOPLIST_KEY_UISupportedInterfaceOrientations_iPad = "UIInterfaceOrientationPortrait UIInterfaceOrientationPortraitUpsideDown UIInterfaceOrientationLandscapeLeft UIInterfaceOrientationLandscapeRight";
				INFOPLIST_KEY_UISupportedInterfaceOrientations_iPhone = "UIInterfaceOrientationPortrait UIInterfaceOrientationLandscapeLeft UIInterfaceOrientationLandscapeRight";
				LD_RUNPATH_SEARCH_PATHS = (
					"$(inherited)",
					"@executable_path/Frameworks",
				);
				MARKETING_VERSION = 1.0;
				PRODUCT_BUNDLE_IDENTIFIER = com.cemugurlu.CountriesApp;
				PRODUCT_NAME = "$(TARGET_NAME)";
				SWIFT_EMIT_LOC_STRINGS = YES;
				SWIFT_VERSION = 5.0;
				TARGETED_DEVICE_FAMILY = "1,2";
			};
			name = Release;
		};
/* End XCBuildConfiguration section */

/* Begin XCConfigurationList section */
		F88F9928289D4830007272F9 /* Build configuration list for PBXProject "CountriesApp" */ = {
			isa = XCConfigurationList;
			buildConfigurations = (
				F88F9939289D4833007272F9 /* Debug */,
				F88F993A289D4833007272F9 /* Release */,
			);
			defaultConfigurationIsVisible = 0;
			defaultConfigurationName = Release;
		};
		F88F993B289D4833007272F9 /* Build configuration list for PBXNativeTarget "CountriesApp" */ = {
			isa = XCConfigurationList;
			buildConfigurations = (
				F88F993C289D4833007272F9 /* Debug */,
				F88F993D289D4833007272F9 /* Release */,
			);
			defaultConfigurationIsVisible = 0;
			defaultConfigurationName = Release;
		};
/* End XCConfigurationList section */

/* Begin XCRemoteSwiftPackageReference section */
		F88F994F289D5290007272F9 /* XCRemoteSwiftPackageReference "Alamofire" */ = {
			isa = XCRemoteSwiftPackageReference;
			repositoryURL = "https://github.com/Alamofire/Alamofire.git";
			requirement = {
				kind = upToNextMajorVersion;
				minimumVersion = 5.0.0;
			};
		};
/* End XCRemoteSwiftPackageReference section */

/* Begin XCSwiftPackageProductDependency section */
		F88F9950289D5290007272F9 /* Alamofire */ = {
			isa = XCSwiftPackageProductDependency;
			package = F88F994F289D5290007272F9 /* XCRemoteSwiftPackageReference "Alamofire" */;
			productName = Alamofire;
		};
/* End XCSwiftPackageProductDependency section */
	};
	rootObject = F88F9925289D4830007272F9 /* Project object */;
}
